{
  "name": "svm-implementation",
  "version": "1.0.0",
  "lockfileVersion": 1,
  "requires": true,
  "dependencies": {
    "@types/estree": {
      "version": "0.0.45",
      "resolved": "https://registry.npmjs.org/@types/estree/-/estree-0.0.45.tgz",
      "integrity": "sha512-jnqIUKDUqJbDIUxm0Uj7bnlMnRm1T/eZ9N+AVMqhPgzrba2GhGG5o/jCTwmdPK709nEZsGoMzXEDUjcXHa3W0g=="
    },
    "@types/node": {
      "version": "14.14.10",
      "resolved": "https://registry.npmjs.org/@types/node/-/node-14.14.10.tgz",
      "integrity": "sha512-J32dgx2hw8vXrSbu4ZlVhn1Nm3GbeCFNw2FWL8S5QKucHGY0cyNwjdQdO+KMBZ4wpmC7KhLCiNsdk1RFRIYUQQ=="
    },
    "acorn": {
      "version": "7.4.1",
      "resolved": "https://registry.npmjs.org/acorn/-/acorn-7.4.1.tgz",
      "integrity": "sha512-nQyp0o1/mNdbTO1PO6kHkwSrmgZ0MT/jCCpNiwbUjGoRN4dlBhqJtoQuCnEOKzgTVwg0ZWiCoQy6SxMebQVh8A=="
    },
    "is-any-array": {
      "version": "0.1.0",
      "resolved": "https://registry.npmjs.org/is-any-array/-/is-any-array-0.1.0.tgz",
      "integrity": "sha512-6Kkl1RnvfdkmXM6ZlP+kELGBMA74Nq5pSOm9gIKDaPRe9KQlIJzonrOgq0Jzn/iElB6F2/olpLgWYeVySzrSRg==",
      "requires": {
        "rollup": "^1.31.1"
      }
    },
    "ml-array-max": {
      "version": "1.2.0",
      "resolved": "https://registry.npmjs.org/ml-array-max/-/ml-array-max-1.2.0.tgz",
      "integrity": "sha512-3UH7XCdjINxbtBWj1EuHMeI242Q3uLuC4rTpSybBWUpGjnG/BefAFxmTolUCuXDM59mJ/G/re80CQbaVIuMjQA==",
      "requires": {
        "is-any-array": "^0.1.0"
      }
    },
    "ml-array-min": {
      "version": "1.2.0",
      "resolved": "https://registry.npmjs.org/ml-array-min/-/ml-array-min-1.2.0.tgz",
      "integrity": "sha512-Wgf2+lCndLy1SbeOZSUqlkxD9T1CXPT7CIlNGAZRRQI35wsqvfuNtLNH4qKFx8kNjlq3VGXKOSBHeiXR31vaTA==",
      "requires": {
        "is-any-array": "^0.1.0"
      }
    },
    "ml-array-rescale": {
      "version": "1.3.2",
      "resolved": "https://registry.npmjs.org/ml-array-rescale/-/ml-array-rescale-1.3.2.tgz",
      "integrity": "sha512-kiXwdVCGrer7rLnjR6Q9ZgP6e9rbnmQvYVUMLXyqNg4+zOs+jek8yBupqPZPDr+NvlSE5OuMnfAbP1oA63kHBA==",
      "requires": {
        "is-any-array": "^0.1.0",
        "ml-array-max": "^1.2.0",
        "ml-array-min": "^1.2.0"
      }
    },
    "ml-matrix": {
      "version": "6.5.3",
      "resolved": "https://registry.npmjs.org/ml-matrix/-/ml-matrix-6.5.3.tgz",
      "integrity": "sha512-wXrn+ccApJ6gHktxmosOzs6B6M0huadahDpcgPYIAJggpqN7CtV4Vd7zpW6Lel/1oM5yCULcrbRJ1A5gF/GYDA==",
      "requires": {
        "ml-array-rescale": "^1.3.2"
      }
    },
    "rollup": {
      "version": "1.32.1",
      "resolved": "https://registry.npmjs.org/rollup/-/rollup-1.32.1.tgz",
      "integrity": "sha512-/2HA0Ec70TvQnXdzynFffkjA6XN+1e2pEv/uKS5Ulca40g2L7KuOE3riasHoNVHOsFD5KKZgDsMk1CP3Tw9s+A==",
      "requires": {
        "@types/estree": "*",
        "@types/node": "*",
        "acorn": "^7.1.0"
      }
    }
  }
}
